
Microsoft Visual Studio Solution File, Format Version 12.00
# Visual Studio Version 16
VisualStudioVersion = 16.0.28803.156
MinimumVisualStudioVersion = 10.0.40219.1
Project("{FAE04EC0-301F-11D3-BF4B-00C04F79EFBC}") = "HiyokoJishoTestsCSharpVersion", "HiyokoJishoTestsCSharpVersion\HiyokoJishoTestsCSharpVersion.csproj", "{211BA662-C321-48EE-A225-3B38C5E57877}"
EndProject
Global
	GlobalSection(SolutionConfigurationPlatforms) = preSolution
		Debug|Any CPU = Debug|Any CPU
		Release|Any CPU = Release|Any CPU
	EndGlobalSection
	GlobalSection(ProjectConfigurationPlatforms) = postSolution
		{211BA662-C321-48EE-A225-3B38C5E57877}.Debug|Any CPU.ActiveCfg = Debug|Any CPU
		{211BA662-C321-48EE-A225-3B38C5E57877}.Debug|Any CPU.Build.0 = Debug|Any CPU
		{211BA662-C321-48EE-A225-3B38C5E57877}.Release|Any CPU.ActiveCfg = Release|Any CPU
		{211BA662-C321-48EE-A225-3B38C5E57877}.Release|Any CPU.Build.0 = Release|Any CPU
	EndGlobalSection
	GlobalSection(SolutionProperties) = preSolution
		HideSolutionNode = FALSE
	EndGlobalSection
	GlobalSection(ExtensibilityGlobals) = postSolution
		SolutionGuid = {1CD9919D-01FF-4EEC-8662-1E4006652310}
	EndGlobalSection
EndGlobal
